// !$*UTF8*$!
{
	archiveVersion = 1;
	classes = {
	};
	objectVersion = 50;
	objects = {

/* Begin PBXBuildFile section */
		FA9952B22372E73100EF6019 /* AppDelegate.swift in Sources */ = {isa = PBXBuildFile; fileRef = FA9952B12372E73100EF6019 /* AppDelegate.swift */; };
		FA9952B42372E73100EF6019 /* ViewController.swift in Sources */ = {isa = PBXBuildFile; fileRef = FA9952B32372E73100EF6019 /* ViewController.swift */; };
		FA9952B72372E73100EF6019 /* Main.storyboard in Resources */ = {isa = PBXBuildFile; fileRef = FA9952B52372E73100EF6019 /* Main.storyboard */; };
		FA9952B92372E73300EF6019 /* Assets.xcassets in Resources */ = {isa = PBXBuildFile; fileRef = FA9952B82372E73300EF6019 /* Assets.xcassets */; };
		FA9952BC2372E73300EF6019 /* LaunchScreen.storyboard in Resources */ = {isa = PBXBuildFile; fileRef = FA9952BA2372E73300EF6019 /* LaunchScreen.storyboard */; };
		FA9952C92374064A00EF6019 /* UITextViewExtintions.swift in Sources */ = {isa = PBXBuildFile; fileRef = FA9952C52374064A00EF6019 /* UITextViewExtintions.swift */; };
		FA9952CA2374064A00EF6019 /* UIIViewextintions.swift in Sources */ = {isa = PBXBuildFile; fileRef = FA9952C62374064A00EF6019 /* UIIViewextintions.swift */; };
		FA9952CB2374064A00EF6019 /* UIViewControllrExtintions.swift in Sources */ = {isa = PBXBuildFile; fileRef = FA9952C72374064A00EF6019 /* UIViewControllrExtintions.swift */; };
		FA9952CC2374064A00EF6019 /* UITextFeildExtinsion.swift in Sources */ = {isa = PBXBuildFile; fileRef = FA9952C82374064A00EF6019 /* UITextFeildExtinsion.swift */; };
/* End PBXBuildFile section */

/* Begin PBXFileReference section */
		FA9952AE2372E73100EF6019 /* TickTasks.app */ = {isa = PBXFileReference; explicitFileType = wrapper.application; includeInIndex = 0; path = TickTasks.app; sourceTree = BUILT_PRODUCTS_DIR; };
		FA9952B12372E73100EF6019 /* AppDelegate.swift */ = {isa = PBXFileReference; lastKnownFileType = sourcecode.swift; path = AppDelegate.swift; sourceTree = "<group>"; };
		FA9952B32372E73100EF6019 /* ViewController.swift */ = {isa = PBXFileReference; lastKnownFileType = sourcecode.swift; path = ViewController.swift; sourceTree = "<group>"; };
		FA9952B62372E73100EF6019 /* Base */ = {isa = PBXFileReference; lastKnownFileType = file.storyboard; name = Base; path = Base.lproj/Main.storyboard; sourceTree = "<group>"; };
		FA9952B82372E73300EF6019 /* Assets.xcassets */ = {isa = PBXFileReference; lastKnownFileType = folder.assetcatalog; path = Assets.xcassets; sourceTree = "<group>"; };
		FA9952BB2372E73300EF6019 /* Base */ = {isa = PBXFileReference; lastKnownFileType = file.storyboard; name = Base; path = Base.lproj/LaunchScreen.storyboard; sourceTree = "<group>"; };
		FA9952BD2372E73300EF6019 /* Info.plist */ = {isa = PBXFileReference; lastKnownFileType = text.plist.xml; path = Info.plist; sourceTree = "<group>"; };
		FA9952C52374064A00EF6019 /* UITextViewExtintions.swift */ = {isa = PBXFileReference; fileEncoding = 4; lastKnownFileType = sourcecode.swift; path = UITextViewExtintions.swift; sourceTree = "<group>"; };
		FA9952C62374064A00EF6019 /* UIIViewextintions.swift */ = {isa = PBXFileReference; fileEncoding = 4; lastKnownFileType = sourcecode.swift; path = UIIViewextintions.swift; sourceTree = "<group>"; };
		FA9952C72374064A00EF6019 /* UIViewControllrExtintions.swift */ = {isa = PBXFileReference; fileEncoding = 4; lastKnownFileType = sourcecode.swift; path = UIViewControllrExtintions.swift; sourceTree = "<group>"; };
		FA9952C82374064A00EF6019 /* UITextFeildExtinsion.swift */ = {isa = PBXFileReference; fileEncoding = 4; lastKnownFileType = sourcecode.swift; path = UITextFeildExtinsion.swift; sourceTree = "<group>"; };
/* End PBXFileReference section */

/* Begin PBXFrameworksBuildPhase section */
		FA9952AB2372E73100EF6019 /* Frameworks */ = {
			isa = PBXFrameworksBuildPhase;
			buildActionMask = 2147483647;
			files = (
			);
			runOnlyForDeploymentPostprocessing = 0;
		};
/* End PBXFrameworksBuildPhase section */

/* Begin PBXGroup section */
		FA9952A52372E73100EF6019 = {
			isa = PBXGroup;
			children = (
				FA9952B02372E73100EF6019 /* TickTasks */,
				FA9952AF2372E73100EF6019 /* Products */,
			);
			sourceTree = "<group>";
		};
		FA9952AF2372E73100EF6019 /* Products */ = {
			isa = PBXGroup;
			children = (
				FA9952AE2372E73100EF6019 /* TickTasks.app */,
			);
			name = Products;
			sourceTree = "<group>";
		};
		FA9952B02372E73100EF6019 /* TickTasks */ = {
			isa = PBXGroup;
			children = (
				FA9952C32374063900EF6019 /* Utilities */,
				FA9952B12372E73100EF6019 /* AppDelegate.swift */,
				FA9952B32372E73100EF6019 /* ViewController.swift */,
				FA9952B52372E73100EF6019 /* Main.storyboard */,
				FA9952B82372E73300EF6019 /* Assets.xcassets */,
				FA9952BA2372E73300EF6019 /* LaunchScreen.storyboard */,
				FA9952BD2372E73300EF6019 /* Info.plist */,
			);
			path = TickTasks;
			sourceTree = "<group>";
		};
		FA9952C32374063900EF6019 /* Utilities */ = {
			isa = PBXGroup;
			children = (
				FA9952C42374064A00EF6019 /* extintions */,
			);
			path = Utilities;
			sourceTree = "<group>";
		};
		FA9952C42374064A00EF6019 /* extintions */ = {
			isa = PBXGroup;
			children = (
				FA9952C52374064A00EF6019 /* UITextViewExtintions.swift */,
				FA9952C62374064A00EF6019 /* UIIViewextintions.swift */,
				FA9952C72374064A00EF6019 /* UIViewControllrExtintions.swift */,
				FA9952C82374064A00EF6019 /* UITextFeildExtinsion.swift */,
			);
			name = extintions;
			path = "../../../../IOS Course by belbisi/NID@L/Apps/lect10.02/lect10.02/lect10.02/Utilities/extintions";
			sourceTree = "<group>";
		};
/* End PBXGroup section */

/* Begin PBXNativeTarget section */
		FA9952AD2372E73100EF6019 /* TickTasks */ = {
			isa = PBXNativeTarget;
			buildConfigurationList = FA9952C02372E73300EF6019 /* Build configuration list for PBXNativeTarget "TickTasks" */;
			buildPhases = (
				FA9952AA2372E73100EF6019 /* Sources */,
				FA9952AB2372E73100EF6019 /* Frameworks */,
				FA9952AC2372E73100EF6019 /* Resources */,
			);
			buildRules = (
			);
			dependencies = (
			);
			name = TickTasks;
			productName = TickTasks;
			productReference = FA9952AE2372E73100EF6019 /* TickTasks.app */;
			productType = "com.apple.product-type.application";
		};
/* End PBXNativeTarget section */

/* Begin PBXProject section */
		FA9952A62372E73100EF6019 /* Project object */ = {
			isa = PBXProject;
			attributes = {
				LastSwiftUpdateCheck = 1030;
				LastUpgradeCheck = 1030;
				ORGANIZATIONNAME = "NID@L";
				TargetAttributes = {
					FA9952AD2372E73100EF6019 = {
						CreatedOnToolsVersion = 10.3;
					};
				};
			};
			buildConfigurationList = FA9952A92372E73100EF6019 /* Build configuration list for PBXProject "TickTasks" */;
			compatibilityVersion = "Xcode 9.3";
			developmentRegion = en;
			hasScannedForEncodings = 0;
			knownRegions = (
				en,
				Base,
			);
			mainGroup = FA9952A52372E73100EF6019;
			productRefGroup = FA9952AF2372E73100EF6019 /* Products */;
			projectDirPath = "";
			projectRoot = "";
			targets = (
				FA9952AD2372E73100EF6019 /* TickTasks */,
			);
		};
/* End PBXProject section */

/* Begin PBXResourcesBuildPhase section */
		FA9952AC2372E73100EF6019 /* Resources */ = {
			isa = PBXResourcesBuildPhase;
			buildActionMask = 2147483647;
			files = (
				FA9952BC2372E73300EF6019 /* LaunchScreen.storyboard in Resources */,
				FA9952B92372E73300EF6019 /* Assets.xcassets in Resources */,
				FA9952B72372E73100EF6019 /* Main.storyboard in Resources */,
			);
			runOnlyForDeploymentPostprocessing = 0;
		};
/* End PBXResourcesBuildPhase section */

/* Begin PBXSourcesBuildPhase section */
		FA9952AA2372E73100EF6019 /* Sources */ = {
			isa = PBXSourcesBuildPhase;
			buildActionMask = 2147483647;
			files = (
				FA9952C92374064A00EF6019 /* UITextViewExtintions.swift in Sources */,
				FA9952CB2374064A00EF6019 /* UIViewControllrExtintions.swift in Sources */,
				FA9952CA2374064A00EF6019 /* UIIViewextintions.swift in Sources */,
				FA9952B42372E73100EF6019 /* ViewController.swift in Sources */,
				FA9952B22372E73100EF6019 /* AppDelegate.swift in Sources */,
				FA9952CC2374064A00EF6019 /* UITextFeildExtinsion.swift in Sources */,
			);
			runOnlyForDeploymentPostprocessing = 0;
		};
/* End PBXSourcesBuildPhase section */

/* Begin PBXVariantGroup section */
		FA9952B52372E73100EF6019 /* Main.storyboard */ = {
			isa = PBXVariantGroup;
			children = (
				FA9952B62372E73100EF6019 /* Base */,
			);
			name = Main.storyboard;
			sourceTree = "<group>";
		};
		FA9952BA2372E73300EF6019 /* LaunchScreen.storyboard */ = {
			isa = PBXVariantGroup;
			children = (
				FA9952BB2372E73300EF6019 /* Base */,
			);
			name = LaunchScreen.storyboard;
			sourceTree = "<group>";
		};
/* End PBXVariantGroup section */

/* Begin XCBuildConfiguration section */
		FA9952BE2372E73300EF6019 /* Debug */ = {
			isa = XCBuildConfiguration;
			buildSettings = {
				ALWAYS_SEARCH_USER_PATHS = NO;
				CLANG_ANALYZER_NONNULL = YES;
				CLANG_ANALYZER_NUMBER_OBJECT_CONVERSION = YES_AGGRESSIVE;
				CLANG_CXX_LANGUAGE_STANDARD = "gnu++14";
				CLANG_CXX_LIBRARY = "libc++";
				CLANG_ENABLE_MODULES = YES;
				CLANG_ENABLE_OBJC_ARC = YES;
				CLANG_ENABLE_OBJC_WEAK = YES;
				CLANG_WARN_BLOCK_CAPTURE_AUTORELEASING = YES;
				CLANG_WARN_BOOL_CONVERSION = YES;
				CLANG_WARN_COMMA = YES;
				CLANG_WARN_CONSTANT_CONVERSION = YES;
				CLANG_WARN_DEPRECATED_OBJC_IMPLEMENTATIONS = YES;
				CLANG_WARN_DIRECT_OBJC_ISA_USAGE = YES_ERROR;
				CLANG_WARN_DOCUMENTATION_COMMENTS = YES;
				CLANG_WARN_EMPTY_BODY = YES;
				CLANG_WARN_ENUM_CONVERSION = YES;
				CLANG_WARN_INFINITE_RECURSION = YES;
				CLANG_WARN_INT_CONVERSION = YES;
				CLANG_WARN_NON_LITERAL_NULL_CONVERSION = YES;
				CLANG_WARN_OBJC_IMPLICIT_RETAIN_SELF = YES;
				CLANG_WARN_OBJC_LITERAL_CONVERSION = YES;
				CLANG_WARN_OBJC_ROOT_CLASS = YES_ERROR;
				CLANG_WARN_RANGE_LOOP_ANALYSIS = YES;
				CLANG_WARN_STRICT_PROTOTYPES = YES;
				CLANG_WARN_SUSPICIOUS_MOVE = YES;
				CLANG_WARN_UNGUARDED_AVAILABILITY = YES_AGGRESSIVE;
				CLANG_WARN_UNREACHABLE_CODE = YES;
				CLANG_WARN__DUPLICATE_METHOD_MATCH = YES;
				CODE_SIGN_IDENTITY = "iPhone Developer";
				COPY_PHASE_STRIP = NO;
				DEBUG_INFORMATION_FORMAT = dwarf;
				ENABLE_STRICT_OBJC_MSGSEND = YES;
				ENABLE_TESTABILITY = YES;
				GCC_C_LANGUAGE_STANDARD = gnu11;
				GCC_DYNAMIC_NO_PIC = NO;
				GCC_NO_COMMON_BLOCKS = YES;
				GCC_OPTIMIZATION_LEVEL = 0;
				GCC_PREPROCESSOR_DEFINITIONS = (
					"DEBUG=1",
					"$(inherited)",
				);
				GCC_WARN_64_TO_32_BIT_CONVERSION = YES;
				GCC_WARN_ABOUT_RETURN_TYPE = YES_ERROR;
				GCC_WARN_UNDECLARED_SELECTOR = YES;
				GCC_WARN_UNINITIALIZED_AUTOS = YES_AGGRESSIVE;
				GCC_WARN_UNUSED_FUNCTION = YES;
				GCC_WARN_UNUSED_VARIABLE = YES;
				IPHONEOS_DEPLOYMENT_TARGET = 12.4;
				MTL_ENABLE_DEBUG_INFO = INCLUDE_SOURCE;
				MTL_FAST_MATH = YES;
				ONLY_ACTIVE_ARCH = YES;
				SDKROOT = iphoneos;
				SWIFT_ACTIVE_COMPILATION_CONDITIONS = DEBUG;
				SWIFT_OPTIMIZATION_LEVEL = "-Onone";
			};
			name = Debug;
		};
		FA9952BF2372E73300EF6019 /* Release */ = {
			isa = XCBuildConfiguration;
			buildSettings = {
				ALWAYS_SEARCH_USER_PATHS = NO;
				CLANG_ANALYZER_NONNULL = YES;
				CLANG_ANALYZER_NUMBER_OBJECT_CONVERSION = YES_AGGRESSIVE;
				CLANG_CXX_LANGUAGE_STANDARD = "gnu++14";
				CLANG_CXX_LIBRARY = "libc++";
				CLANG_ENABLE_MODULES = YES;
				CLANG_ENABLE_OBJC_ARC = YES;
				CLANG_ENABLE_OBJC_WEAK = YES;
				CLANG_WARN_BLOCK_CAPTURE_AUTORELEASING = YES;
				CLANG_WARN_BOOL_CONVERSION = YES;
				CLANG_WARN_COMMA = YES;
				CLANG_WARN_CONSTANT_CONVERSION = YES;
				CLANG_WARN_DEPRECATED_OBJC_IMPLEMENTATIONS = YES;
				CLANG_WARN_DIRECT_OBJC_ISA_USAGE = YES_ERROR;
				CLANG_WARN_DOCUMENTATION_COMMENTS = YES;
				CLANG_WARN_EMPTY_BODY = YES;
				CLANG_WARN_ENUM_CONVERSION = YES;
				CLANG_WARN_INFINITE_RECURSION = YES;
				CLANG_WARN_INT_CONVERSION = YES;
				CLANG_WARN_NON_LITERAL_NULL_CONVERSION = YES;
				CLANG_WARN_OBJC_IMPLICIT_RETAIN_SELF = YES;
				CLANG_WARN_OBJC_LITERAL_CONVERSION = YES;
				CLANG_WARN_OBJC_ROOT_CLASS = YES_ERROR;
				CLANG_WARN_RANGE_LOOP_ANALYSIS = YES;
				CLANG_WARN_STRICT_PROTOTYPES = YES;
				CLANG_WARN_SUSPICIOUS_MOVE = YES;
				CLANG_WARN_UNGUARDED_AVAILABILITY = YES_AGGRESSIVE;
				CLANG_WARN_UNREACHABLE_CODE = YES;
				CLANG_WARN__DUPLICATE_METHOD_MATCH = YES;
				CODE_SIGN_IDENTITY = "iPhone Developer";
				COPY_PHASE_STRIP = NO;
				DEBUG_INFORMATION_FORMAT = "dwarf-with-dsym";
				ENABLE_NS_ASSERTIONS = NO;
				ENABLE_STRICT_OBJC_MSGSEND = YES;
				GCC_C_LANGUAGE_STANDARD = gnu11;
				GCC_NO_COMMON_BLOCKS = YES;
				GCC_WARN_64_TO_32_BIT_CONVERSION = YES;
				GCC_WARN_ABOUT_RETURN_TYPE = YES_ERROR;
				GCC_WARN_UNDECLARED_SELECTOR = YES;
				GCC_WARN_UNINITIALIZED_AUTOS = YES_AGGRESSIVE;
				GCC_WARN_UNUSED_FUNCTION = YES;
				GCC_WARN_UNUSED_VARIABLE = YES;
				IPHONEOS_DEPLOYMENT_TARGET = 12.4;
				MTL_ENABLE_DEBUG_INFO = NO;
				MTL_FAST_MATH = YES;
				SDKROOT = iphoneos;
				SWIFT_COMPILATION_MODE = wholemodule;
				SWIFT_OPTIMIZATION_LEVEL = "-O";
				VALIDATE_PRODUCT = YES;
			};
			name = Release;
		};
		FA9952C12372E73300EF6019 /* Debug */ = {
			isa = XCBuildConfiguration;
			buildSettings = {
				ASSETCATALOG_COMPILER_APPICON_NAME = AppIcon;
				CODE_SIGN_STYLE = Automatic;
				DEVELOPMENT_TEAM = F8LVR6V84A;
				INFOPLIST_FILE = TickTasks/Info.plist;
				LD_RUNPATH_SEARCH_PATHS = (
					"$(inherited)",
					"@executable_path/Frameworks",
				);
				PRODUCT_BUNDLE_IDENTIFIER = com.nidal.app.TickTasks;
				PRODUCT_NAME = "$(TARGET_NAME)";
				SWIFT_VERSION = 5.0;
				TARGETED_DEVICE_FAMILY = "1,2";
			};
			name = Debug;
		};
		FA9952C22372E73300EF6019 /* Release */ = {
			isa = XCBuildConfiguration;
			buildSettings = {
				ASSETCATALOG_COMPILER_APPICON_NAME = AppIcon;
				CODE_SIGN_STYLE = Automatic;
				DEVELOPMENT_TEAM = F8LVR6V84A;
				INFOPLIST_FILE = TickTasks/Info.plist;
				LD_RUNPATH_SEARCH_PATHS = (
					"$(inherited)",
					"@executable_path/Frameworks",
				);
				PRODUCT_BUNDLE_IDENTIFIER = com.nidal.app.TickTasks;
				PRODUCT_NAME = "$(TARGET_NAME)";
				SWIFT_VERSION = 5.0;
				TARGETED_DEVICE_FAMILY = "1,2";
			};
			name = Release;
		};
/* End XCBuildConfiguration section */

/* Begin XCConfigurationList section */
		FA9952A92372E73100EF6019 /* Build configuration list for PBXProject "TickTasks" */ = {
			isa = XCConfigurationList;
			buildConfigurations = (
				FA9952BE2372E73300EF6019 /* Debug */,
				FA9952BF2372E73300EF6019 /* Release */,
			);
			defaultConfigurationIsVisible = 0;
			defaultConfigurationName = Release;
		};
		FA9952C02372E73300EF6019 /* Build configuration list for PBXNativeTarget "TickTasks" */ = {
			isa = XCConfigurationList;
			buildConfigurations = (
				FA9952C12372E73300EF6019 /* Debug */,
				FA9952C22372E73300EF6019 /* Release */,
			);
			defaultConfigurationIsVisible = 0;
			defaultConfigurationName = Release;
		};
/* End XCConfigurationList section */
	};
	rootObject = FA9952A62372E73100EF6019 /* Project object */;
}
